
Microsoft Visual Studio Solution File, Format Version 12.00
# Visual Studio Version 17
VisualStudioVersion = 17.4.33205.214
MinimumVisualStudioVersion = 10.0.40219.1
Project("{FAE04EC0-301F-11D3-BF4B-00C04F79EFBC}") = "testepratico.iniflex", "testepratico.iniflex.csproj", "{BAC8DE45-66D8-42AC-8792-3E31DC15B5CE}"
EndProject
Global
	GlobalSection(SolutionConfigurationPlatforms) = preSolution
		Debug|Any CPU = Debug|Any CPU
		Release|Any CPU = Release|Any CPU
	EndGlobalSection
	GlobalSection(ProjectConfigurationPlatforms) = postSolution
		{BAC8DE45-66D8-42AC-8792-3E31DC15B5CE}.Debug|Any CPU.ActiveCfg = Debug|Any CPU
		{BAC8DE45-66D8-42AC-8792-3E31DC15B5CE}.Debug|Any CPU.Build.0 = Debug|Any CPU
		{BAC8DE45-66D8-42AC-8792-3E31DC15B5CE}.Release|Any CPU.ActiveCfg = Release|Any CPU
		{BAC8DE45-66D8-42AC-8792-3E31DC15B5CE}.Release|Any CPU.Build.0 = Release|Any CPU
	EndGlobalSection
	GlobalSection(SolutionProperties) = preSolution
		HideSolutionNode = FALSE
	EndGlobalSection
	GlobalSection(ExtensibilityGlobals) = postSolution
		SolutionGuid = {B64C0CAE-EED5-4501-B514-867DAFD6B37A}
	EndGlobalSection
EndGlobal
